
Microsoft Visual Studio Solution File, Format Version 12.00
# Visual Studio Version 17
VisualStudioVersion = 17.4.33110.190
MinimumVisualStudioVersion = 10.0.40219.1
Project("{FAE04EC0-301F-11D3-BF4B-00C04F79EFBC}") = "Calculator", "Calculator\Calculator.csproj", "{29938AD3-9830-497D-A960-892F0C54C695}"
EndProject
Global
	GlobalSection(SolutionConfigurationPlatforms) = preSolution
		Debug|Any CPU = Debug|Any CPU
		Release|Any CPU = Release|Any CPU
	EndGlobalSection
	GlobalSection(ProjectConfigurationPlatforms) = postSolution
		{29938AD3-9830-497D-A960-892F0C54C695}.Debug|Any CPU.ActiveCfg = Debug|Any CPU
		{29938AD3-9830-497D-A960-892F0C54C695}.Debug|Any CPU.Build.0 = Debug|Any CPU
		{29938AD3-9830-497D-A960-892F0C54C695}.Release|Any CPU.ActiveCfg = Release|Any CPU
		{29938AD3-9830-497D-A960-892F0C54C695}.Release|Any CPU.Build.0 = Release|Any CPU
	EndGlobalSection
	GlobalSection(SolutionProperties) = preSolution
		HideSolutionNode = FALSE
	EndGlobalSection
	GlobalSection(ExtensibilityGlobals) = postSolution
		SolutionGuid = {DFE88C1C-EBCA-4C97-9AFE-090AD8D31AEC}
	EndGlobalSection
EndGlobal
